
Microsoft Visual Studio Solution File, Format Version 12.00
# Visual Studio Version 17
VisualStudioVersion = 17.13.35825.156 d17.13
MinimumVisualStudioVersion = 10.0.40219.1
Project("{FAE04EC0-301F-11D3-BF4B-00C04F79EFBC}") = "LibraryApp", "LibraryApp\LibraryApp.csproj", "{A13286F8-7926-4F14-9E22-1ADB69F42EEC}"
EndProject
Global
	GlobalSection(SolutionConfigurationPlatforms) = preSolution
		Debug|Any CPU = Debug|Any CPU
		Release|Any CPU = Release|Any CPU
	EndGlobalSection
	GlobalSection(ProjectConfigurationPlatforms) = postSolution
		{A13286F8-7926-4F14-9E22-1ADB69F42EEC}.Debug|Any CPU.ActiveCfg = Debug|Any CPU
		{A13286F8-7926-4F14-9E22-1ADB69F42EEC}.Debug|Any CPU.Build.0 = Debug|Any CPU
		{A13286F8-7926-4F14-9E22-1ADB69F42EEC}.Release|Any CPU.ActiveCfg = Release|Any CPU
		{A13286F8-7926-4F14-9E22-1ADB69F42EEC}.Release|Any CPU.Build.0 = Release|Any CPU
	EndGlobalSection
	GlobalSection(SolutionProperties) = preSolution
		HideSolutionNode = FALSE
	EndGlobalSection
	GlobalSection(ExtensibilityGlobals) = postSolution
		SolutionGuid = {1A1A2762-F7EC-468E-B987-00B4ABFC120A}
	EndGlobalSection
EndGlobal
